// !$*UTF8*$!
{
	archiveVersion = 1;
	classes = {
	};
	objectVersion = 51;
	objects = {

/* Begin PBXBuildFile section */
		F3AE68AF23E96999007A2DC5 /* UserListViewModel.swift in Sources */ = {isa = PBXBuildFile; fileRef = F3AE68AE23E96999007A2DC5 /* UserListViewModel.swift */; };
		F3AE68B223E96A34007A2DC5 /* GitHubAPI.swift in Sources */ = {isa = PBXBuildFile; fileRef = F3AE68B123E96A34007A2DC5 /* GitHubAPI.swift */; };
		F3AE68B423E97828007A2DC5 /* GitHubService.swift in Sources */ = {isa = PBXBuildFile; fileRef = F3AE68B323E97828007A2DC5 /* GitHubService.swift */; };
		F3AE68B723E97851007A2DC5 /* User.swift in Sources */ = {isa = PBXBuildFile; fileRef = F3AE68B623E97851007A2DC5 /* User.swift */; };
		F3AE68BA23E984C8007A2DC5 /* SearchUsersParams.swift in Sources */ = {isa = PBXBuildFile; fileRef = F3AE68B923E984C8007A2DC5 /* SearchUsersParams.swift */; };
		F3AE68BF23E98B30007A2DC5 /* LogHelper.swift in Sources */ = {isa = PBXBuildFile; fileRef = F3AE68BE23E98B30007A2DC5 /* LogHelper.swift */; };
		F3AE68C323E9EEC7007A2DC5 /* UICollectionView+Reusable.swift in Sources */ = {isa = PBXBuildFile; fileRef = F3AE68C223E9EEC7007A2DC5 /* UICollectionView+Reusable.swift */; };
		F3AE68C723E9EFDF007A2DC5 /* UserListCell.swift in Sources */ = {isa = PBXBuildFile; fileRef = F3AE68C623E9EFDF007A2DC5 /* UserListCell.swift */; };
		F3AE68CA23EA74A5007A2DC5 /* GitHubErrorResponse.swift in Sources */ = {isa = PBXBuildFile; fileRef = F3AE68C923EA74A5007A2DC5 /* GitHubErrorResponse.swift */; };
		F3AE68CC23EA7682007A2DC5 /* Moya+Single.swift in Sources */ = {isa = PBXBuildFile; fileRef = F3AE68CB23EA7682007A2DC5 /* Moya+Single.swift */; };
		F3AE68CF23EA827D007A2DC5 /* WebLink.swift in Sources */ = {isa = PBXBuildFile; fileRef = F3AE68CE23EA827D007A2DC5 /* WebLink.swift */; };
		F3AE68D123EA86E7007A2DC5 /* URL+QueryParamater.swift in Sources */ = {isa = PBXBuildFile; fileRef = F3AE68D023EA86E6007A2DC5 /* URL+QueryParamater.swift */; };
		F3AE68D323EAE2F9007A2DC5 /* LoadingView.swift in Sources */ = {isa = PBXBuildFile; fileRef = F3AE68D223EAE2F9007A2DC5 /* LoadingView.swift */; };
		F3AE68D523EB0E63007A2DC5 /* UserLinkHeader.swift in Sources */ = {isa = PBXBuildFile; fileRef = F3AE68D423EB0E63007A2DC5 /* UserLinkHeader.swift */; };
		F3F7255F23E95B8800418BA7 /* AppDelegate.swift in Sources */ = {isa = PBXBuildFile; fileRef = F3F7255E23E95B8800418BA7 /* AppDelegate.swift */; };
		F3F7256323E95B8800418BA7 /* UserListViewController.swift in Sources */ = {isa = PBXBuildFile; fileRef = F3F7256223E95B8800418BA7 /* UserListViewController.swift */; };
		F3F7256823E95B8B00418BA7 /* Assets.xcassets in Resources */ = {isa = PBXBuildFile; fileRef = F3F7256723E95B8B00418BA7 /* Assets.xcassets */; };
		F3F7256B23E95B8B00418BA7 /* LaunchScreen.storyboard in Resources */ = {isa = PBXBuildFile; fileRef = F3F7256923E95B8B00418BA7 /* LaunchScreen.storyboard */; };
/* End PBXBuildFile section */

/* Begin PBXFileReference section */
		F3AE68AE23E96999007A2DC5 /* UserListViewModel.swift */ = {isa = PBXFileReference; lastKnownFileType = sourcecode.swift; path = UserListViewModel.swift; sourceTree = "<group>"; };
		F3AE68B123E96A34007A2DC5 /* GitHubAPI.swift */ = {isa = PBXFileReference; lastKnownFileType = sourcecode.swift; path = GitHubAPI.swift; sourceTree = "<group>"; };
		F3AE68B323E97828007A2DC5 /* GitHubService.swift */ = {isa = PBXFileReference; lastKnownFileType = sourcecode.swift; path = GitHubService.swift; sourceTree = "<group>"; };
		F3AE68B623E97851007A2DC5 /* User.swift */ = {isa = PBXFileReference; lastKnownFileType = sourcecode.swift; path = User.swift; sourceTree = "<group>"; };
		F3AE68B923E984C8007A2DC5 /* SearchUsersParams.swift */ = {isa = PBXFileReference; lastKnownFileType = sourcecode.swift; path = SearchUsersParams.swift; sourceTree = "<group>"; };
		F3AE68BE23E98B30007A2DC5 /* LogHelper.swift */ = {isa = PBXFileReference; lastKnownFileType = sourcecode.swift; path = LogHelper.swift; sourceTree = "<group>"; };
		F3AE68C223E9EEC7007A2DC5 /* UICollectionView+Reusable.swift */ = {isa = PBXFileReference; lastKnownFileType = sourcecode.swift; path = "UICollectionView+Reusable.swift"; sourceTree = "<group>"; };
		F3AE68C623E9EFDF007A2DC5 /* UserListCell.swift */ = {isa = PBXFileReference; lastKnownFileType = sourcecode.swift; path = UserListCell.swift; sourceTree = "<group>"; };
		F3AE68C923EA74A5007A2DC5 /* GitHubErrorResponse.swift */ = {isa = PBXFileReference; lastKnownFileType = sourcecode.swift; path = GitHubErrorResponse.swift; sourceTree = "<group>"; };
		F3AE68CB23EA7682007A2DC5 /* Moya+Single.swift */ = {isa = PBXFileReference; lastKnownFileType = sourcecode.swift; path = "Moya+Single.swift"; sourceTree = "<group>"; };
		F3AE68CE23EA827D007A2DC5 /* WebLink.swift */ = {isa = PBXFileReference; lastKnownFileType = sourcecode.swift; path = WebLink.swift; sourceTree = "<group>"; };
		F3AE68D023EA86E6007A2DC5 /* URL+QueryParamater.swift */ = {isa = PBXFileReference; lastKnownFileType = sourcecode.swift; path = "URL+QueryParamater.swift"; sourceTree = "<group>"; };
		F3AE68D223EAE2F9007A2DC5 /* LoadingView.swift */ = {isa = PBXFileReference; lastKnownFileType = sourcecode.swift; path = LoadingView.swift; sourceTree = "<group>"; };
		F3AE68D423EB0E63007A2DC5 /* UserLinkHeader.swift */ = {isa = PBXFileReference; lastKnownFileType = sourcecode.swift; path = UserLinkHeader.swift; sourceTree = "<group>"; };
		F3F7255B23E95B8800418BA7 /* GitHubSearchUsers.app */ = {isa = PBXFileReference; explicitFileType = wrapper.application; includeInIndex = 0; path = GitHubSearchUsers.app; sourceTree = BUILT_PRODUCTS_DIR; };
		F3F7255E23E95B8800418BA7 /* AppDelegate.swift */ = {isa = PBXFileReference; lastKnownFileType = sourcecode.swift; path = AppDelegate.swift; sourceTree = "<group>"; };
		F3F7256223E95B8800418BA7 /* UserListViewController.swift */ = {isa = PBXFileReference; lastKnownFileType = sourcecode.swift; path = UserListViewController.swift; sourceTree = "<group>"; };
		F3F7256723E95B8B00418BA7 /* Assets.xcassets */ = {isa = PBXFileReference; lastKnownFileType = folder.assetcatalog; path = Assets.xcassets; sourceTree = "<group>"; };
		F3F7256A23E95B8B00418BA7 /* Base */ = {isa = PBXFileReference; lastKnownFileType = file.storyboard; name = Base; path = Base.lproj/LaunchScreen.storyboard; sourceTree = "<group>"; };
		F3F7256C23E95B8B00418BA7 /* Info.plist */ = {isa = PBXFileReference; lastKnownFileType = text.plist.xml; path = Info.plist; sourceTree = "<group>"; };
/* End PBXFileReference section */

/* Begin PBXFrameworksBuildPhase section */
		F3F7255823E95B8800418BA7 /* Frameworks */ = {
			isa = PBXFrameworksBuildPhase;
			buildActionMask = 2147483647;
			files = (
			);
			runOnlyForDeploymentPostprocessing = 0;
		};
/* End PBXFrameworksBuildPhase section */

/* Begin PBXGroup section */
		814C71FFFA0DDBEB2E392301 /* Pods */ = {
			isa = PBXGroup;
			children = (
			);
			path = Pods;
			sourceTree = "<group>";
		};
		F3AE68B023E96A1A007A2DC5 /* Network */ = {
			isa = PBXGroup;
			children = (
				F3AE68C823EA7483007A2DC5 /* Response */,
				F3AE68BC23E98AFF007A2DC5 /* Service */,
				F3AE68BB23E98AF9007A2DC5 /* API */,
				F3AE68B823E9849D007A2DC5 /* Parameters */,
			);
			path = Network;
			sourceTree = "<group>";
		};
		F3AE68B523E97843007A2DC5 /* Model */ = {
			isa = PBXGroup;
			children = (
				F3AE68B623E97851007A2DC5 /* User.swift */,
				F3AE68D423EB0E63007A2DC5 /* UserLinkHeader.swift */,
			);
			path = Model;
			sourceTree = "<group>";
		};
		F3AE68B823E9849D007A2DC5 /* Parameters */ = {
			isa = PBXGroup;
			children = (
				F3AE68B923E984C8007A2DC5 /* SearchUsersParams.swift */,
			);
			path = Parameters;
			sourceTree = "<group>";
		};
		F3AE68BB23E98AF9007A2DC5 /* API */ = {
			isa = PBXGroup;
			children = (
				F3AE68B123E96A34007A2DC5 /* GitHubAPI.swift */,
			);
			path = API;
			sourceTree = "<group>";
		};
		F3AE68BC23E98AFF007A2DC5 /* Service */ = {
			isa = PBXGroup;
			children = (
				F3AE68B323E97828007A2DC5 /* GitHubService.swift */,
			);
			path = Service;
			sourceTree = "<group>";
		};
		F3AE68BD23E98B20007A2DC5 /* Helper */ = {
			isa = PBXGroup;
			children = (
				F3AE68BE23E98B30007A2DC5 /* LogHelper.swift */,
			);
			path = Helper;
			sourceTree = "<group>";
		};
		F3AE68C123E9EEA9007A2DC5 /* Extension */ = {
			isa = PBXGroup;
			children = (
				F3AE68C223E9EEC7007A2DC5 /* UICollectionView+Reusable.swift */,
				F3AE68CB23EA7682007A2DC5 /* Moya+Single.swift */,
				F3AE68D023EA86E6007A2DC5 /* URL+QueryParamater.swift */,
			);
			path = Extension;
			sourceTree = "<group>";
		};
		F3AE68C423E9EFA6007A2DC5 /* View */ = {
			isa = PBXGroup;
			children = (
				F3AE68C623E9EFDF007A2DC5 /* UserListCell.swift */,
				F3AE68D223EAE2F9007A2DC5 /* LoadingView.swift */,
			);
			path = View;
			sourceTree = "<group>";
		};
		F3AE68C823EA7483007A2DC5 /* Response */ = {
			isa = PBXGroup;
			children = (
				F3AE68C923EA74A5007A2DC5 /* GitHubErrorResponse.swift */,
			);
			path = Response;
			sourceTree = "<group>";
		};
		F3AE68CD23EA825A007A2DC5 /* Library */ = {
			isa = PBXGroup;
			children = (
				F3AE68CE23EA827D007A2DC5 /* WebLink.swift */,
			);
			path = Library;
			sourceTree = "<group>";
		};
		F3AE68D623EC09B6007A2DC5 /* ViewController */ = {
			isa = PBXGroup;
			children = (
				F3F7256223E95B8800418BA7 /* UserListViewController.swift */,
			);
			path = ViewController;
			sourceTree = "<group>";
		};
		F3AE68D723EC09CB007A2DC5 /* ViewModel */ = {
			isa = PBXGroup;
			children = (
				F3AE68AE23E96999007A2DC5 /* UserListViewModel.swift */,
			);
			path = ViewModel;
			sourceTree = "<group>";
		};
		F3F7255223E95B8800418BA7 = {
			isa = PBXGroup;
			children = (
				F3F7255D23E95B8800418BA7 /* GitHubSearchUsers */,
				F3F7255C23E95B8800418BA7 /* Products */,
				814C71FFFA0DDBEB2E392301 /* Pods */,
			);
			sourceTree = "<group>";
		};
		F3F7255C23E95B8800418BA7 /* Products */ = {
			isa = PBXGroup;
			children = (
				F3F7255B23E95B8800418BA7 /* GitHubSearchUsers.app */,
			);
			name = Products;
			sourceTree = "<group>";
		};
		F3F7255D23E95B8800418BA7 /* GitHubSearchUsers */ = {
			isa = PBXGroup;
			children = (
				F3AE68CD23EA825A007A2DC5 /* Library */,
				F3AE68D623EC09B6007A2DC5 /* ViewController */,
				F3AE68C423E9EFA6007A2DC5 /* View */,
				F3AE68D723EC09CB007A2DC5 /* ViewModel */,
				F3AE68C123E9EEA9007A2DC5 /* Extension */,
				F3AE68BD23E98B20007A2DC5 /* Helper */,
				F3AE68B523E97843007A2DC5 /* Model */,
				F3AE68B023E96A1A007A2DC5 /* Network */,
				F3F7255E23E95B8800418BA7 /* AppDelegate.swift */,
				F3F7256723E95B8B00418BA7 /* Assets.xcassets */,
				F3F7256923E95B8B00418BA7 /* LaunchScreen.storyboard */,
				F3F7256C23E95B8B00418BA7 /* Info.plist */,
			);
			path = GitHubSearchUsers;
			sourceTree = "<group>";
		};
/* End PBXGroup section */

/* Begin PBXNativeTarget section */
		F3F7255A23E95B8800418BA7 /* GitHubSearchUsers */ = {
			isa = PBXNativeTarget;
			buildConfigurationList = F3F7256F23E95B8B00418BA7 /* Build configuration list for PBXNativeTarget "GitHubSearchUsers" */;
			buildPhases = (
				F3F7255723E95B8800418BA7 /* Sources */,
				F3F7255823E95B8800418BA7 /* Frameworks */,
				F3F7255923E95B8800418BA7 /* Resources */,
			);
			buildRules = (
			);
			dependencies = (
			);
			name = GitHubSearchUsers;
			productName = GitHubSearchUsers;
			productReference = F3F7255B23E95B8800418BA7 /* GitHubSearchUsers.app */;
			productType = "com.apple.product-type.application";
		};
/* End PBXNativeTarget section */

/* Begin PBXProject section */
		F3F7255323E95B8800418BA7 /* Project object */ = {
			isa = PBXProject;
			attributes = {
				LastSwiftUpdateCheck = 1130;
				LastUpgradeCheck = 1130;
				ORGANIZATIONNAME = "Mark Chen";
				TargetAttributes = {
					F3F7255A23E95B8800418BA7 = {
						CreatedOnToolsVersion = 11.3.1;
					};
				};
			};
			buildConfigurationList = F3F7255623E95B8800418BA7 /* Build configuration list for PBXProject "GitHubSearchUsers" */;
			compatibilityVersion = "Xcode 9.3";
			developmentRegion = en;
			hasScannedForEncodings = 0;
			knownRegions = (
				en,
				Base,
			);
			mainGroup = F3F7255223E95B8800418BA7;
			productRefGroup = F3F7255C23E95B8800418BA7 /* Products */;
			projectDirPath = "";
			projectRoot = "";
			targets = (
				F3F7255A23E95B8800418BA7 /* GitHubSearchUsers */,
			);
		};
/* End PBXProject section */

/* Begin PBXResourcesBuildPhase section */
		F3F7255923E95B8800418BA7 /* Resources */ = {
			isa = PBXResourcesBuildPhase;
			buildActionMask = 2147483647;
			files = (
				F3F7256B23E95B8B00418BA7 /* LaunchScreen.storyboard in Resources */,
				F3F7256823E95B8B00418BA7 /* Assets.xcassets in Resources */,
			);
			runOnlyForDeploymentPostprocessing = 0;
		};
/* End PBXResourcesBuildPhase section */

/* Begin PBXSourcesBuildPhase section */
		F3F7255723E95B8800418BA7 /* Sources */ = {
			isa = PBXSourcesBuildPhase;
			buildActionMask = 2147483647;
			files = (
				F3AE68C723E9EFDF007A2DC5 /* UserListCell.swift in Sources */,
				F3AE68B423E97828007A2DC5 /* GitHubService.swift in Sources */,
				F3F7256323E95B8800418BA7 /* UserListViewController.swift in Sources */,
				F3AE68BA23E984C8007A2DC5 /* SearchUsersParams.swift in Sources */,
				F3AE68D123EA86E7007A2DC5 /* URL+QueryParamater.swift in Sources */,
				F3AE68B723E97851007A2DC5 /* User.swift in Sources */,
				F3AE68C323E9EEC7007A2DC5 /* UICollectionView+Reusable.swift in Sources */,
				F3AE68CF23EA827D007A2DC5 /* WebLink.swift in Sources */,
				F3AE68D323EAE2F9007A2DC5 /* LoadingView.swift in Sources */,
				F3AE68BF23E98B30007A2DC5 /* LogHelper.swift in Sources */,
				F3AE68AF23E96999007A2DC5 /* UserListViewModel.swift in Sources */,
				F3AE68D523EB0E63007A2DC5 /* UserLinkHeader.swift in Sources */,
				F3AE68CA23EA74A5007A2DC5 /* GitHubErrorResponse.swift in Sources */,
				F3F7255F23E95B8800418BA7 /* AppDelegate.swift in Sources */,
				F3AE68CC23EA7682007A2DC5 /* Moya+Single.swift in Sources */,
				F3AE68B223E96A34007A2DC5 /* GitHubAPI.swift in Sources */,
			);
			runOnlyForDeploymentPostprocessing = 0;
		};
/* End PBXSourcesBuildPhase section */

/* Begin PBXVariantGroup section */
		F3F7256923E95B8B00418BA7 /* LaunchScreen.storyboard */ = {
			isa = PBXVariantGroup;
			children = (
				F3F7256A23E95B8B00418BA7 /* Base */,
			);
			name = LaunchScreen.storyboard;
			sourceTree = "<group>";
		};
/* End PBXVariantGroup section */

/* Begin XCBuildConfiguration section */
		F3F7256D23E95B8B00418BA7 /* Debug */ = {
			isa = XCBuildConfiguration;
			buildSettings = {
				ALWAYS_SEARCH_USER_PATHS = NO;
				CLANG_ANALYZER_NONNULL = YES;
				CLANG_ANALYZER_NUMBER_OBJECT_CONVERSION = YES_AGGRESSIVE;
				CLANG_CXX_LANGUAGE_STANDARD = "gnu++14";
				CLANG_CXX_LIBRARY = "libc++";
				CLANG_ENABLE_MODULES = YES;
				CLANG_ENABLE_OBJC_ARC = YES;
				CLANG_ENABLE_OBJC_WEAK = YES;
				CLANG_WARN_BLOCK_CAPTURE_AUTORELEASING = YES;
				CLANG_WARN_BOOL_CONVERSION = YES;
				CLANG_WARN_COMMA = YES;
				CLANG_WARN_CONSTANT_CONVERSION = YES;
				CLANG_WARN_DEPRECATED_OBJC_IMPLEMENTATIONS = YES;
				CLANG_WARN_DIRECT_OBJC_ISA_USAGE = YES_ERROR;
				CLANG_WARN_DOCUMENTATION_COMMENTS = YES;
				CLANG_WARN_EMPTY_BODY = YES;
				CLANG_WARN_ENUM_CONVERSION = YES;
				CLANG_WARN_INFINITE_RECURSION = YES;
				CLANG_WARN_INT_CONVERSION = YES;
				CLANG_WARN_NON_LITERAL_NULL_CONVERSION = YES;
				CLANG_WARN_OBJC_IMPLICIT_RETAIN_SELF = YES;
				CLANG_WARN_OBJC_LITERAL_CONVERSION = YES;
				CLANG_WARN_OBJC_ROOT_CLASS = YES_ERROR;
				CLANG_WARN_RANGE_LOOP_ANALYSIS = YES;
				CLANG_WARN_STRICT_PROTOTYPES = YES;
				CLANG_WARN_SUSPICIOUS_MOVE = YES;
				CLANG_WARN_UNGUARDED_AVAILABILITY = YES_AGGRESSIVE;
				CLANG_WARN_UNREACHABLE_CODE = YES;
				CLANG_WARN__DUPLICATE_METHOD_MATCH = YES;
				COPY_PHASE_STRIP = NO;
				DEBUG_INFORMATION_FORMAT = dwarf;
				ENABLE_STRICT_OBJC_MSGSEND = YES;
				ENABLE_TESTABILITY = YES;
				GCC_C_LANGUAGE_STANDARD = gnu11;
				GCC_DYNAMIC_NO_PIC = NO;
				GCC_NO_COMMON_BLOCKS = YES;
				GCC_OPTIMIZATION_LEVEL = 0;
				GCC_PREPROCESSOR_DEFINITIONS = (
					"DEBUG=1",
					"$(inherited)",
				);
				GCC_WARN_64_TO_32_BIT_CONVERSION = YES;
				GCC_WARN_ABOUT_RETURN_TYPE = YES_ERROR;
				GCC_WARN_UNDECLARED_SELECTOR = YES;
				GCC_WARN_UNINITIALIZED_AUTOS = YES_AGGRESSIVE;
				GCC_WARN_UNUSED_FUNCTION = YES;
				GCC_WARN_UNUSED_VARIABLE = YES;
				IPHONEOS_DEPLOYMENT_TARGET = 11.0;
				MTL_ENABLE_DEBUG_INFO = INCLUDE_SOURCE;
				MTL_FAST_MATH = YES;
				ONLY_ACTIVE_ARCH = YES;
				SDKROOT = iphoneos;
				SWIFT_ACTIVE_COMPILATION_CONDITIONS = DEBUG;
				SWIFT_OPTIMIZATION_LEVEL = "-Onone";
			};
			name = Debug;
		};
		F3F7256E23E95B8B00418BA7 /* Release */ = {
			isa = XCBuildConfiguration;
			buildSettings = {
				ALWAYS_SEARCH_USER_PATHS = NO;
				CLANG_ANALYZER_NONNULL = YES;
				CLANG_ANALYZER_NUMBER_OBJECT_CONVERSION = YES_AGGRESSIVE;
				CLANG_CXX_LANGUAGE_STANDARD = "gnu++14";
				CLANG_CXX_LIBRARY = "libc++";
				CLANG_ENABLE_MODULES = YES;
				CLANG_ENABLE_OBJC_ARC = YES;
				CLANG_ENABLE_OBJC_WEAK = YES;
				CLANG_WARN_BLOCK_CAPTURE_AUTORELEASING = YES;
				CLANG_WARN_BOOL_CONVERSION = YES;
				CLANG_WARN_COMMA = YES;
				CLANG_WARN_CONSTANT_CONVERSION = YES;
				CLANG_WARN_DEPRECATED_OBJC_IMPLEMENTATIONS = YES;
				CLANG_WARN_DIRECT_OBJC_ISA_USAGE = YES_ERROR;
				CLANG_WARN_DOCUMENTATION_COMMENTS = YES;
				CLANG_WARN_EMPTY_BODY = YES;
				CLANG_WARN_ENUM_CONVERSION = YES;
				CLANG_WARN_INFINITE_RECURSION = YES;
				CLANG_WARN_INT_CONVERSION = YES;
				CLANG_WARN_NON_LITERAL_NULL_CONVERSION = YES;
				CLANG_WARN_OBJC_IMPLICIT_RETAIN_SELF = YES;
				CLANG_WARN_OBJC_LITERAL_CONVERSION = YES;
				CLANG_WARN_OBJC_ROOT_CLASS = YES_ERROR;
				CLANG_WARN_RANGE_LOOP_ANALYSIS = YES;
				CLANG_WARN_STRICT_PROTOTYPES = YES;
				CLANG_WARN_SUSPICIOUS_MOVE = YES;
				CLANG_WARN_UNGUARDED_AVAILABILITY = YES_AGGRESSIVE;
				CLANG_WARN_UNREACHABLE_CODE = YES;
				CLANG_WARN__DUPLICATE_METHOD_MATCH = YES;
				COPY_PHASE_STRIP = NO;
				DEBUG_INFORMATION_FORMAT = "dwarf-with-dsym";
				ENABLE_NS_ASSERTIONS = NO;
				ENABLE_STRICT_OBJC_MSGSEND = YES;
				GCC_C_LANGUAGE_STANDARD = gnu11;
				GCC_NO_COMMON_BLOCKS = YES;
				GCC_WARN_64_TO_32_BIT_CONVERSION = YES;
				GCC_WARN_ABOUT_RETURN_TYPE = YES_ERROR;
				GCC_WARN_UNDECLARED_SELECTOR = YES;
				GCC_WARN_UNINITIALIZED_AUTOS = YES_AGGRESSIVE;
				GCC_WARN_UNUSED_FUNCTION = YES;
				GCC_WARN_UNUSED_VARIABLE = YES;
				IPHONEOS_DEPLOYMENT_TARGET = 11.0;
				MTL_ENABLE_DEBUG_INFO = NO;
				MTL_FAST_MATH = YES;
				SDKROOT = iphoneos;
				SWIFT_COMPILATION_MODE = wholemodule;
				SWIFT_OPTIMIZATION_LEVEL = "-O";
				VALIDATE_PRODUCT = YES;
			};
			name = Release;
		};
		F3F7257023E95B8B00418BA7 /* Debug */ = {
			isa = XCBuildConfiguration;
			buildSettings = {
				ASSETCATALOG_COMPILER_APPICON_NAME = AppIcon;
				CODE_SIGN_STYLE = Automatic;
				DEVELOPMENT_TEAM = D5Y4T59L79;
				INFOPLIST_FILE = GitHubSearchUsers/Info.plist;
				LD_RUNPATH_SEARCH_PATHS = (
					"$(inherited)",
					"@executable_path/Frameworks",
				);
				PRODUCT_BUNDLE_IDENTIFIER = com.markchen714.GitHubSearchUsers;
				PRODUCT_NAME = "$(TARGET_NAME)";
				SWIFT_VERSION = 5.0;
				TARGETED_DEVICE_FAMILY = "1,2";
			};
			name = Debug;
		};
		F3F7257123E95B8B00418BA7 /* Release */ = {
			isa = XCBuildConfiguration;
			buildSettings = {
				ASSETCATALOG_COMPILER_APPICON_NAME = AppIcon;
				CODE_SIGN_STYLE = Automatic;
				DEVELOPMENT_TEAM = D5Y4T59L79;
				INFOPLIST_FILE = GitHubSearchUsers/Info.plist;
				LD_RUNPATH_SEARCH_PATHS = (
					"$(inherited)",
					"@executable_path/Frameworks",
				);
				PRODUCT_BUNDLE_IDENTIFIER = com.markchen714.GitHubSearchUsers;
				PRODUCT_NAME = "$(TARGET_NAME)";
				SWIFT_VERSION = 5.0;
				TARGETED_DEVICE_FAMILY = "1,2";
			};
			name = Release;
		};
/* End XCBuildConfiguration section */

/* Begin XCConfigurationList section */
		F3F7255623E95B8800418BA7 /* Build configuration list for PBXProject "GitHubSearchUsers" */ = {
			isa = XCConfigurationList;
			buildConfigurations = (
				F3F7256D23E95B8B00418BA7 /* Debug */,
				F3F7256E23E95B8B00418BA7 /* Release */,
			);
			defaultConfigurationIsVisible = 0;
			defaultConfigurationName = Release;
		};
		F3F7256F23E95B8B00418BA7 /* Build configuration list for PBXNativeTarget "GitHubSearchUsers" */ = {
			isa = XCConfigurationList;
			buildConfigurations = (
				F3F7257023E95B8B00418BA7 /* Debug */,
				F3F7257123E95B8B00418BA7 /* Release */,
			);
			defaultConfigurationIsVisible = 0;
			defaultConfigurationName = Release;
		};
/* End XCConfigurationList section */
	};
	rootObject = F3F7255323E95B8800418BA7 /* Project object */;
}
